
Microsoft Visual Studio Solution File, Format Version 12.00
# Visual Studio Version 17
VisualStudioVersion = 17.11.35327.3
MinimumVisualStudioVersion = 10.0.40219.1
Project("{9A19103F-16F7-4668-BE54-9A1E7A4F7556}") = "DockerImgTransfer", "DockerImgTransfer.csproj", "{CE0704EE-E1D3-415E-95ED-74EA6E195BC0}"
EndProject
Global
	GlobalSection(SolutionConfigurationPlatforms) = preSolution
		Debug|Any CPU = Debug|Any CPU
		Release|Any CPU = Release|Any CPU
	EndGlobalSection
	GlobalSection(ProjectConfigurationPlatforms) = postSolution
		{CE0704EE-E1D3-415E-95ED-74EA6E195BC0}.Debug|Any CPU.ActiveCfg = Debug|Any CPU
		{CE0704EE-E1D3-415E-95ED-74EA6E195BC0}.Debug|Any CPU.Build.0 = Debug|Any CPU
		{CE0704EE-E1D3-415E-95ED-74EA6E195BC0}.Release|Any CPU.ActiveCfg = Release|Any CPU
		{CE0704EE-E1D3-415E-95ED-74EA6E195BC0}.Release|Any CPU.Build.0 = Release|Any CPU
	EndGlobalSection
	GlobalSection(SolutionProperties) = preSolution
		HideSolutionNode = FALSE
	EndGlobalSection
	GlobalSection(ExtensibilityGlobals) = postSolution
		SolutionGuid = {0514981D-E57B-4A4D-8EF6-6C7FC7C06C11}
	EndGlobalSection
EndGlobal
